dependencies:
- name: kafka
  repository: http://storage.googleapis.com/kubernetes-charts-incubator
  version: 0.10.0
- name: ant-firehose
  repository: file://../ant-firehose/
  version: 0.2.0
- name: ant-publisher
  repository: file://../ant-publisher/
  version: 0.2.0
- name: ant-ui
  repository: file://../ant-ui/
  version: 0.2.0
digest: sha256:277875aafa99a74c5b2ec1d15e53d3b761785beda30f768913b6c51a0b2a36df
generated: 2018-09-26T16:48:35.734839431+03:00
