dependencies:
- name: kafka
  repository: http://storage.googleapis.com/kubernetes-charts-incubator
  version: 0.10.0
- name: ant-firehose
  repository: file://../ant-firehose/
  version: 0.2.0
- name: ant-publisher
  repository: file://../ant-publisher/
  version: 0.2.0
- name: ant-ui
  repository: file://../ant-ui/
  version: 0.1.0-ant-ui-219
digest: sha256:bb89302b69c1ac4c82a5e7564a84fe6b37f0e5c0d0d69250ab364448f1ddc4d8
generated: 2018-10-07T16:51:44.265746+03:00
